
Microsoft Visual Studio Solution File, Format Version 12.00
# Visual Studio 15
Project("{FAE04EC0-301F-11D3-BF4B-00C04F79EFBC}") = "clearlyApi", "clearlyApi\clearlyApi.csproj", "{6F4A6275-2BA1-4473-B559-A26783DADBEC}"
EndProject
Project("{FAE04EC0-301F-11D3-BF4B-00C04F79EFBC}") = "Utils", "Utils\Utils.csproj", "{98E98E39-2C84-44E4-9995-03956008BE20}"
EndProject
Project("{FAE04EC0-301F-11D3-BF4B-00C04F79EFBC}") = "SmsSender", "SmsSender\SmsSender.csproj", "{639C5318-14DC-40C0-8D11-B0E191FEAE5C}"
EndProject
Global
	GlobalSection(SolutionConfigurationPlatforms) = preSolution
		Debug|Any CPU = Debug|Any CPU
		Release|Any CPU = Release|Any CPU
	EndGlobalSection
	GlobalSection(ProjectConfigurationPlatforms) = postSolution
		{6F4A6275-2BA1-4473-B559-A26783DADBEC}.Debug|Any CPU.ActiveCfg = Debug|Any CPU
		{6F4A6275-2BA1-4473-B559-A26783DADBEC}.Debug|Any CPU.Build.0 = Debug|Any CPU
		{6F4A6275-2BA1-4473-B559-A26783DADBEC}.Release|Any CPU.ActiveCfg = Release|Any CPU
		{6F4A6275-2BA1-4473-B559-A26783DADBEC}.Release|Any CPU.Build.0 = Release|Any CPU
		{98E98E39-2C84-44E4-9995-03956008BE20}.Debug|Any CPU.ActiveCfg = Debug|Any CPU
		{98E98E39-2C84-44E4-9995-03956008BE20}.Debug|Any CPU.Build.0 = Debug|Any CPU
		{98E98E39-2C84-44E4-9995-03956008BE20}.Release|Any CPU.ActiveCfg = Release|Any CPU
		{98E98E39-2C84-44E4-9995-03956008BE20}.Release|Any CPU.Build.0 = Release|Any CPU
		{639C5318-14DC-40C0-8D11-B0E191FEAE5C}.Debug|Any CPU.ActiveCfg = Debug|Any CPU
		{639C5318-14DC-40C0-8D11-B0E191FEAE5C}.Debug|Any CPU.Build.0 = Debug|Any CPU
		{639C5318-14DC-40C0-8D11-B0E191FEAE5C}.Release|Any CPU.ActiveCfg = Release|Any CPU
		{639C5318-14DC-40C0-8D11-B0E191FEAE5C}.Release|Any CPU.Build.0 = Release|Any CPU
	EndGlobalSection
EndGlobal
